
Microsoft Visual Studio Solution File, Format Version 12.00
# Visual Studio Version 17
VisualStudioVersion = 17.14.36518.9 d17.14
MinimumVisualStudioVersion = 10.0.40219.1
Project("{FAE04EC0-301F-11D3-BF4B-00C04F79EFBC}") = "Programming Lab1", "Programming Lab1\Programming Lab1.csproj", "{4EF4DCAD-2D01-453B-AFEE-D59673023F6D}"
EndProject
Global
	GlobalSection(SolutionConfigurationPlatforms) = preSolution
		Debug|Any CPU = Debug|Any CPU
		Release|Any CPU = Release|Any CPU
	EndGlobalSection
	GlobalSection(ProjectConfigurationPlatforms) = postSolution
		{4EF4DCAD-2D01-453B-AFEE-D59673023F6D}.Debug|Any CPU.ActiveCfg = Debug|Any CPU
		{4EF4DCAD-2D01-453B-AFEE-D59673023F6D}.Debug|Any CPU.Build.0 = Debug|Any CPU
		{4EF4DCAD-2D01-453B-AFEE-D59673023F6D}.Release|Any CPU.ActiveCfg = Release|Any CPU
		{4EF4DCAD-2D01-453B-AFEE-D59673023F6D}.Release|Any CPU.Build.0 = Release|Any CPU
	EndGlobalSection
	GlobalSection(SolutionProperties) = preSolution
		HideSolutionNode = FALSE
	EndGlobalSection
	GlobalSection(ExtensibilityGlobals) = postSolution
		SolutionGuid = {A7BE04EE-CDE9-4BC5-93AC-974CC580BB2D}
	EndGlobalSection
EndGlobal
